
Microsoft Visual Studio Solution File, Format Version 12.00
# Visual Studio Version 16
VisualStudioVersion = 16.0.30204.135
MinimumVisualStudioVersion = 10.0.40219.1
Project("{FAE04EC0-301F-11D3-BF4B-00C04F79EFBC}") = "mhn-rt", "mhn-rt\mhn-rt.csproj", "{EB6694BD-4F71-4ADB-A9F9-C25BC42D12C7}"
EndProject
Global
	GlobalSection(SolutionConfigurationPlatforms) = preSolution
		Debug|Any CPU = Debug|Any CPU
		Release|Any CPU = Release|Any CPU
	EndGlobalSection
	GlobalSection(ProjectConfigurationPlatforms) = postSolution
		{EB6694BD-4F71-4ADB-A9F9-C25BC42D12C7}.Debug|Any CPU.ActiveCfg = Debug|Any CPU
		{EB6694BD-4F71-4ADB-A9F9-C25BC42D12C7}.Debug|Any CPU.Build.0 = Debug|Any CPU
		{EB6694BD-4F71-4ADB-A9F9-C25BC42D12C7}.Release|Any CPU.ActiveCfg = Release|Any CPU
		{EB6694BD-4F71-4ADB-A9F9-C25BC42D12C7}.Release|Any CPU.Build.0 = Release|Any CPU
	EndGlobalSection
	GlobalSection(SolutionProperties) = preSolution
		HideSolutionNode = FALSE
	EndGlobalSection
	GlobalSection(ExtensibilityGlobals) = postSolution
		SolutionGuid = {1EDC7813-477B-496C-AA94-C5D2E390979C}
	EndGlobalSection
EndGlobal
